<?xml version="1.0" encoding="utf-8"?>
<Project ToolsVersion="4.0" xmlns="http://schemas.microsoft.com/developer/msbuild/2003">
  <ItemGroup>
    <Filter Include="Source Files">
      <UniqueIdentifier>{4FC737F1-C7A5-4376-A066-2A32D752A2FF}</UniqueIdentifier>
      <Extensions>cpp;c;cc;cxx;def;odl;idl;hpj;bat;asm;asmx</Extensions>
    </Filter>
    <Filter Include="Header Files">
      <UniqueIdentifier>{93995380-89BD-4b04-88EB-625FBE52EBFB}</UniqueIdentifier>
      <Extensions>h;hh;hpp;hxx;hm;inl;inc;ipp;xsd</Extensions>
    </Filter>
    <Filter Include="Resource Files">
      <UniqueIdentifier>{67DA6AB6-F800-4c08-8B7A-83BB121AAD01}</UniqueIdentifier>
      <Extensions>rc;ico;cur;bmp;dlg;rc2;rct;bin;rgs;gif;jpg;jpeg;jpe;resx;tiff;tif;png;wav;mfcribbon-ms</Extensions>
    </Filter>
    <Filter Include="Apps">
      <UniqueIdentifier>{ce182916-b502-4bf6-ae35-e37ca9887e02}</UniqueIdentifier>
    </Filter>
    <Filter Include="Effects">
      <UniqueIdentifier>{87656d88-6645-409c-8774-f78722c5c366}</UniqueIdentifier>
    </Filter>
    <Filter Include="Shaders">
      <UniqueIdentifier>{8d19c5af-bacc-480e-b6f5-03a01b2bb086}</UniqueIdentifier>
    </Filter>
    <Filter Include="textures">
      <UniqueIdentifier>{bf3bb525-f107-423c-832c-7d8980cb1ecf}</UniqueIdentifier>
    </Filter>
    <Filter Include="Source Files\NE3">
      <UniqueIdentifier>{fea98781-31be-4f7e-af92-6165d4917735}</UniqueIdentifier>
    </Filter>
  </ItemGroup>
  <ItemGroup>
    <ClCompile Include="frame.cpp">
      <Filter>Source Files\NE3</Filter>
    </ClCompile>
    <ClCompile Include="pipeline.cpp">
      <Filter>Source Files\NE3</Filter>
    </ClCompile>
    <ClCompile Include="dxmanager.cpp">
      <Filter>Source Files</Filter>
    </ClCompile>
    <ClCompile Include="gametime.cpp">
      <Filter>Source Files</Filter>
    </ClCompile>
    <ClCompile Include="stdafx.cpp">
      <Filter>Source Files</Filter>
    </ClCompile>
    <ClCompile Include="texture.cpp">
      <Filter>Source Files</Filter>
    </ClCompile>
    <ClCompile Include="threads.cpp">
      <Filter>Source Files</Filter>
    </ClCompile>
    <ClCompile Include="util.cpp">
      <Filter>Source Files</Filter>
    </ClCompile>
    <ClCompile Include="world.cpp">
      <Filter>Source Files</Filter>
    </ClCompile>
    <ClCompile Include="DDSTextureLoader.cpp">
      <Filter>textures</Filter>
    </ClCompile>
    <ClCompile Include="dxglobal.cpp">
      <Filter>Source Files\NE3</Filter>
    </ClCompile>
    <ClCompile Include="dx2d.cpp">
      <Filter>Source Files\NE3</Filter>
    </ClCompile>
    <ClCompile Include="launcher.cpp">
      <Filter>Source Files\NE3</Filter>
    </ClCompile>
    <ClCompile Include="emptyframes.cpp">
      <Filter>Apps</Filter>
    </ClCompile>
    <ClCompile Include="simple2dframe.cpp">
      <Filter>Apps</Filter>
    </ClCompile>
    <ClCompile Include="billboardapp.cpp">
      <Filter>Apps</Filter>
    </ClCompile>
    <ClCompile Include="camera.cpp">
      <Filter>Source Files</Filter>
    </ClCompile>
    <ClCompile Include="input.cpp">
      <Filter>Source Files\NE3</Filter>
    </ClCompile>
    <ClCompile Include="vr.cpp">
      <Filter>Source Files</Filter>
    </ClCompile>
    <ClCompile Include="Matrices.cpp">
      <Filter>Source Files\NE3</Filter>
    </ClCompile>
    <ClCompile Include="update.cpp">
      <Filter>Source Files\NE3</Filter>
    </ClCompile>
    <ClCompile Include="skelapp.cpp">
      <Filter>Apps</Filter>
    </ClCompile>
    <ClCompile Include="objects.cpp">
      <Filter>Source Files\NE3</Filter>
    </ClCompile>
    <ClCompile Include="effect.cpp">
      <Filter>Effects</Filter>
    </ClCompile>
    <ClCompile Include="billboard.cpp">
      <Filter>Effects</Filter>
    </ClCompile>
    <ClCompile Include="line.cpp">
      <Filter>Effects</Filter>
    </ClCompile>
    <ClCompile Include="path.cpp">
      <Filter>Source Files</Filter>
    </ClCompile>
    <ClCompile Include="lineapp.cpp">
      <Filter>Apps</Filter>
    </ClCompile>
  </ItemGroup>
  <ItemGroup>
    <ClInclude Include="..\ShadedPath12\Resource.h">
      <Filter>Header Files</Filter>
    </ClInclude>
    <ClInclude Include="..\ShadedPath12\winmain.h">
      <Filter>Header Files</Filter>
    </ClInclude>
    <ClInclude Include="frame.h">
      <Filter>Source Files\NE3</Filter>
    </ClInclude>
    <ClInclude Include="pipeline.h">
      <Filter>Source Files\NE3</Filter>
    </ClInclude>
    <ClInclude Include="camera.h">
      <Filter>Header Files</Filter>
    </ClInclude>
    <ClInclude Include="d3dx12.h">
      <Filter>Header Files</Filter>
    </ClInclude>
    <ClInclude Include="dxmanager.h">
      <Filter>Header Files</Filter>
    </ClInclude>
    <ClInclude Include="forward_structures.h">
      <Filter>Header Files</Filter>
    </ClInclude>
    <ClInclude Include="gametime.h">
      <Filter>Header Files</Filter>
    </ClInclude>
    <ClInclude Include="lights.h">
      <Filter>Header Files</Filter>
    </ClInclude>
    <ClInclude Include="meshObject.h">
      <Filter>Header Files</Filter>
    </ClInclude>
    <ClInclude Include="path.h">
      <Filter>Header Files</Filter>
    </ClInclude>
    <ClInclude Include="stdafx.h">
      <Filter>Header Files</Filter>
    </ClInclude>
    <ClInclude Include="texture.h">
      <Filter>Header Files</Filter>
    </ClInclude>
    <ClInclude Include="threads.h">
      <Filter>Header Files</Filter>
    </ClInclude>
    <ClInclude Include="util.h">
      <Filter>Header Files</Filter>
    </ClInclude>
    <ClInclude Include="vr.h">
      <Filter>Header Files</Filter>
    </ClInclude>
    <ClInclude Include="world.h">
      <Filter>Header Files</Filter>
    </ClInclude>
    <ClInclude Include="worldObject.h">
      <Filter>Header Files</Filter>
    </ClInclude>
    <ClInclude Include="sound.h">
      <Filter>Header Files</Filter>
    </ClInclude>
    <ClInclude Include="dds.h">
      <Filter>textures</Filter>
    </ClInclude>
    <ClInclude Include="DDSTextureLoader.h">
      <Filter>textures</Filter>
    </ClInclude>
    <ClInclude Include="dxglobal.h">
      <Filter>Source Files\NE3</Filter>
    </ClInclude>
    <ClInclude Include="dx2d.h">
      <Filter>Source Files\NE3</Filter>
    </ClInclude>
    <ClInclude Include="launcher.h">
      <Filter>Source Files\NE3</Filter>
    </ClInclude>
    <ClInclude Include="emptyframes.h">
      <Filter>Apps</Filter>
    </ClInclude>
    <ClInclude Include="simple2dframe.h">
      <Filter>Apps</Filter>
    </ClInclude>
    <ClInclude Include="billboardapp.h">
      <Filter>Apps</Filter>
    </ClInclude>
    <ClInclude Include="input.h">
      <Filter>Source Files\NE3</Filter>
    </ClInclude>
    <ClInclude Include="Matrices.h">
      <Filter>Source Files\NE3</Filter>
    </ClInclude>
    <ClInclude Include="pre_proc.h">
      <Filter>Header Files</Filter>
    </ClInclude>
    <ClInclude Include="update.h">
      <Filter>Source Files\NE3</Filter>
    </ClInclude>
    <ClInclude Include="skelapp.h">
      <Filter>Apps</Filter>
    </ClInclude>
    <ClInclude Include="objects.h">
      <Filter>Source Files\NE3</Filter>
    </ClInclude>
    <ClInclude Include="effect.h">
      <Filter>Effects</Filter>
    </ClInclude>
    <ClInclude Include="billboard.h">
      <Filter>Effects</Filter>
    </ClInclude>
    <ClInclude Include="line.h">
      <Filter>Effects</Filter>
    </ClInclude>
    <ClInclude Include="lineapp.h">
      <Filter>Apps</Filter>
    </ClInclude>
  </ItemGroup>
  <ItemGroup>
    <FxCompile Include="Shaders\PostPS.hlsl">
      <Filter>Shaders</Filter>
    </FxCompile>
    <FxCompile Include="Shaders\PostVS.hlsl">
      <Filter>Shaders</Filter>
    </FxCompile>
    <FxCompile Include="Shaders\BillboardPS.hlsl">
      <Filter>Shaders</Filter>
    </FxCompile>
    <FxCompile Include="Shaders\BillboardVS.hlsl">
      <Filter>Shaders</Filter>
    </FxCompile>
    <FxCompile Include="Shaders\DotcrossGS.hlsl">
      <Filter>Shaders</Filter>
    </FxCompile>
    <FxCompile Include="Shaders\DotcrossPS.hlsl">
      <Filter>Shaders</Filter>
    </FxCompile>
    <FxCompile Include="Shaders\DotcrossVS.hlsl">
      <Filter>Shaders</Filter>
    </FxCompile>
    <FxCompile Include="Shaders\LinePS.hlsl">
      <Filter>Shaders</Filter>
    </FxCompile>
    <FxCompile Include="Shaders\LinetextGS.hlsl">
      <Filter>Shaders</Filter>
    </FxCompile>
    <FxCompile Include="Shaders\LinetextVS.hlsl">
      <Filter>Shaders</Filter>
    </FxCompile>
    <FxCompile Include="Shaders\LineVS.hlsl">
      <Filter>Shaders</Filter>
    </FxCompile>
    <FxCompile Include="Shaders\MObjectCS.hlsl">
      <Filter>Shaders</Filter>
    </FxCompile>
    <FxCompile Include="Shaders\MObjectPS.hlsl">
      <Filter>Shaders</Filter>
    </FxCompile>
    <FxCompile Include="Shaders\MObjectVS.hlsl">
      <Filter>Shaders</Filter>
    </FxCompile>
    <FxCompile Include="Shaders\ObjectPS.hlsl">
      <Filter>Shaders</Filter>
    </FxCompile>
    <FxCompile Include="Shaders\ObjectVS.hlsl">
      <Filter>Shaders</Filter>
    </FxCompile>
  </ItemGroup>
  <ItemGroup>
    <None Include="Shaders\Post.hlsli">
      <Filter>Shaders</Filter>
    </None>
    <None Include="Shaders\Billboard.hlsli">
      <Filter>Shaders</Filter>
    </None>
    <None Include="Shaders\Dotcross.hlsli">
      <Filter>Shaders</Filter>
    </None>
    <None Include="Shaders\lights.hlsi">
      <Filter>Shaders</Filter>
    </None>
    <None Include="Shaders\lights_basic.hlsi">
      <Filter>Shaders</Filter>
    </None>
    <None Include="Shaders\lights_old.hlsi">
      <Filter>Shaders</Filter>
    </None>
    <None Include="Shaders\Line.hlsli">
      <Filter>Shaders</Filter>
    </None>
    <None Include="Shaders\Linetext.hlsli">
      <Filter>Shaders</Filter>
    </None>
    <None Include="Shaders\MObject.hlsli">
      <Filter>Shaders</Filter>
    </None>
    <None Include="Shaders\Object.hlsli">
      <Filter>Shaders</Filter>
    </None>
    <None Include="packages.config" />
  </ItemGroup>
</Project>