<?xml version="1.0" encoding="utf-8"?>
<Project ToolsVersion="4.0" xmlns="http://schemas.microsoft.com/developer/msbuild/2003">
  <ItemGroup>
    <Filter Include="Source Files">
      <UniqueIdentifier>{4FC737F1-C7A5-4376-A066-2A32D752A2FF}</UniqueIdentifier>
      <Extensions>cpp;c;cc;cxx;def;odl;idl;hpj;bat;asm;asmx</Extensions>
    </Filter>
    <Filter Include="Header Files">
      <UniqueIdentifier>{93995380-89BD-4b04-88EB-625FBE52EBFB}</UniqueIdentifier>
      <Extensions>h;hh;hpp;hxx;hm;inl;inc;xsd</Extensions>
    </Filter>
    <Filter Include="Resource Files">
      <UniqueIdentifier>{67DA6AB6-F800-4c08-8B7A-83BB121AAD01}</UniqueIdentifier>
      <Extensions>rc;ico;cur;bmp;dlg;rc2;rct;bin;rgs;gif;jpg;jpeg;jpe;resx;tiff;tif;png;wav;mfcribbon-ms</Extensions>
    </Filter>
    <Filter Include="Shaders">
      <UniqueIdentifier>{f7773aaf-b54f-4837-933a-ebf1340f4d71}</UniqueIdentifier>
      <Extensions>hlsl;hlsi</Extensions>
    </Filter>
    <Filter Include="Effects">
      <UniqueIdentifier>{2a7ea5cf-1942-41d5-8c26-c18844ecfbdb}</UniqueIdentifier>
    </Filter>
    <Filter Include="Apps">
      <UniqueIdentifier>{ff89f689-c46c-40da-aff9-cf1db665a1d1}</UniqueIdentifier>
    </Filter>
    <Filter Include="textures">
      <UniqueIdentifier>{7a66f537-32b4-480c-9109-21fd4b21af74}</UniqueIdentifier>
    </Filter>
  </ItemGroup>
  <ItemGroup>
    <Text Include="ReadMe.txt" />
  </ItemGroup>
  <ItemGroup>
    <ClInclude Include="stdafx.h">
      <Filter>Header Files</Filter>
    </ClInclude>
    <ClInclude Include="targetver.h">
      <Filter>Header Files</Filter>
    </ClInclude>
    <ClInclude Include="Resource.h">
      <Filter>Header Files</Filter>
    </ClInclude>
    <ClInclude Include="winmain.h">
      <Filter>Header Files</Filter>
    </ClInclude>
    <ClInclude Include="xapp.h">
      <Filter>Header Files</Filter>
    </ClInclude>
    <ClInclude Include="util.h">
      <Filter>Header Files</Filter>
    </ClInclude>
    <ClInclude Include="d3dx12.h">
      <Filter>Header Files</Filter>
    </ClInclude>
    <ClInclude Include="Effects\lines.h">
      <Filter>Effects</Filter>
    </ClInclude>
    <ClInclude Include="gametime.h">
      <Filter>Header Files</Filter>
    </ClInclude>
    <ClInclude Include="camera.h">
      <Filter>Header Files</Filter>
    </ClInclude>
    <ClInclude Include="world.h">
      <Filter>Header Files</Filter>
    </ClInclude>
    <ClInclude Include="Effects\posteffect.h">
      <Filter>Effects</Filter>
    </ClInclude>
    <ClInclude Include="Effects\effectbase.h">
      <Filter>Effects</Filter>
    </ClInclude>
    <ClInclude Include="vr.h">
      <Filter>Header Files</Filter>
    </ClInclude>
    <ClInclude Include="Effects\dotcross.h">
      <Filter>Effects</Filter>
    </ClInclude>
    <ClInclude Include="sample1.h">
      <Filter>Apps</Filter>
    </ClInclude>
    <ClInclude Include="testDotcross.h">
      <Filter>Apps</Filter>
    </ClInclude>
    <ClInclude Include="testLinetext.h">
      <Filter>Apps</Filter>
    </ClInclude>
    <ClInclude Include="Effects\linetext.h">
      <Filter>Effects</Filter>
    </ClInclude>
    <ClInclude Include="DDSTextureLoader.h">
      <Filter>textures</Filter>
    </ClInclude>
    <ClInclude Include="dds.h">
      <Filter>textures</Filter>
    </ClInclude>
    <ClInclude Include="texture.h">
      <Filter>Header Files</Filter>
    </ClInclude>
    <ClInclude Include="testTextures.h">
      <Filter>Apps</Filter>
    </ClInclude>
    <ClInclude Include="forward_structures.h">
      <Filter>Header Files</Filter>
    </ClInclude>
    <ClInclude Include="Effects\billboard.h">
      <Filter>Effects</Filter>
    </ClInclude>
    <ClInclude Include="objectViewer.h">
      <Filter>Apps</Filter>
    </ClInclude>
    <ClInclude Include="worldObject.h">
      <Filter>Header Files</Filter>
    </ClInclude>
    <ClInclude Include="path.h">
      <Filter>Header Files</Filter>
    </ClInclude>
    <ClInclude Include="Effects\objecteffect.h">
      <Filter>Effects</Filter>
    </ClInclude>
    <ClInclude Include="lights.h">
      <Filter>Header Files</Filter>
    </ClInclude>
    <ClInclude Include="soundtest.h">
      <Filter>Apps</Filter>
    </ClInclude>
    <ClInclude Include="sound.h">
      <Filter>Header Files</Filter>
    </ClInclude>
    <ClInclude Include="hangon.h">
      <Filter>Apps</Filter>
    </ClInclude>
  </ItemGroup>
  <ItemGroup>
    <ClCompile Include="stdafx.cpp">
      <Filter>Source Files</Filter>
    </ClCompile>
    <ClCompile Include="winmain.cpp">
      <Filter>Source Files</Filter>
    </ClCompile>
    <ClCompile Include="xapp.cpp">
      <Filter>Source Files</Filter>
    </ClCompile>
    <ClCompile Include="util.cpp">
      <Filter>Source Files</Filter>
    </ClCompile>
    <ClCompile Include="Effects\lines.cpp">
      <Filter>Effects</Filter>
    </ClCompile>
    <ClCompile Include="gametime.cpp">
      <Filter>Source Files</Filter>
    </ClCompile>
    <ClCompile Include="camera.cpp">
      <Filter>Source Files</Filter>
    </ClCompile>
    <ClCompile Include="world.cpp">
      <Filter>Source Files</Filter>
    </ClCompile>
    <ClCompile Include="Effects\posteffect.cpp">
      <Filter>Effects</Filter>
    </ClCompile>
    <ClCompile Include="Effects\effectbase.cpp">
      <Filter>Effects</Filter>
    </ClCompile>
    <ClCompile Include="vr.cpp">
      <Filter>Source Files</Filter>
    </ClCompile>
    <ClCompile Include="Effects\dotcross.cpp">
      <Filter>Effects</Filter>
    </ClCompile>
    <ClCompile Include="sample1.cpp">
      <Filter>Apps</Filter>
    </ClCompile>
    <ClCompile Include="testDotcross.cpp">
      <Filter>Apps</Filter>
    </ClCompile>
    <ClCompile Include="testLinetext.cpp">
      <Filter>Apps</Filter>
    </ClCompile>
    <ClCompile Include="Effects\linetext.cpp">
      <Filter>Effects</Filter>
    </ClCompile>
    <ClCompile Include="DDSTextureLoader.cpp">
      <Filter>textures</Filter>
    </ClCompile>
    <ClCompile Include="texture.cpp">
      <Filter>Source Files</Filter>
    </ClCompile>
    <ClCompile Include="testTextures.cpp">
      <Filter>Apps</Filter>
    </ClCompile>
    <ClCompile Include="Effects\billboard.cpp">
      <Filter>Effects</Filter>
    </ClCompile>
    <ClCompile Include="objectViewer.cpp">
      <Filter>Apps</Filter>
    </ClCompile>
    <ClCompile Include="worldObject.cpp">
      <Filter>Source Files</Filter>
    </ClCompile>
    <ClCompile Include="Effects\objecteffect.cpp">
      <Filter>Effects</Filter>
    </ClCompile>
    <ClCompile Include="path.cpp">
      <Filter>Source Files</Filter>
    </ClCompile>
    <ClCompile Include="lights.cpp">
      <Filter>Source Files</Filter>
    </ClCompile>
    <ClCompile Include="soundtest.cpp">
      <Filter>Apps</Filter>
    </ClCompile>
    <ClCompile Include="sound.cpp">
      <Filter>Source Files</Filter>
    </ClCompile>
    <ClCompile Include="hangon.cpp">
      <Filter>Apps</Filter>
    </ClCompile>
  </ItemGroup>
  <ItemGroup>
    <ResourceCompile Include="ShadedPath.rc">
      <Filter>Resource Files</Filter>
    </ResourceCompile>
  </ItemGroup>
  <ItemGroup>
    <Image Include="small.ico">
      <Filter>Resource Files</Filter>
    </Image>
    <Image Include="ShadedPath.ico">
      <Filter>Resource Files</Filter>
    </Image>
  </ItemGroup>
  <ItemGroup>
    <ResourceCompile Include="ShadedPath.rc">
      <Filter>Resource Files</Filter>
    </ResourceCompile>
  </ItemGroup>
  <ItemGroup>
    <FxCompile Include="Shaders\LineVS.hlsl">
      <Filter>Shaders</Filter>
    </FxCompile>
    <FxCompile Include="Shaders\LinePS.hlsl">
      <Filter>Shaders</Filter>
    </FxCompile>
    <FxCompile Include="Shaders\PostPS.hlsl">
      <Filter>Shaders</Filter>
    </FxCompile>
    <FxCompile Include="Shaders\PostVS.hlsl">
      <Filter>Shaders</Filter>
    </FxCompile>
    <FxCompile Include="Shaders\DotcrossVS.hlsl">
      <Filter>Shaders</Filter>
    </FxCompile>
    <FxCompile Include="Shaders\DotcrossPS.hlsl">
      <Filter>Shaders</Filter>
    </FxCompile>
    <FxCompile Include="Shaders\DotcrossGS.hlsl">
      <Filter>Shaders</Filter>
    </FxCompile>
    <FxCompile Include="Shaders\LinetextGS.hlsl">
      <Filter>Shaders</Filter>
    </FxCompile>
    <FxCompile Include="Shaders\LinetextVS.hlsl">
      <Filter>Shaders</Filter>
    </FxCompile>
    <FxCompile Include="Shaders\BillboardPS.hlsl">
      <Filter>Shaders</Filter>
    </FxCompile>
    <FxCompile Include="Shaders\BillboardVS.hlsl">
      <Filter>Shaders</Filter>
    </FxCompile>
    <FxCompile Include="Shaders\ObjectPS.hlsl">
      <Filter>Shaders</Filter>
    </FxCompile>
    <FxCompile Include="Shaders\ObjectVS.hlsl">
      <Filter>Shaders</Filter>
    </FxCompile>
  </ItemGroup>
  <ItemGroup>
    <None Include="Shaders\Line.hlsli">
      <Filter>Shaders</Filter>
    </None>
    <None Include="Shaders\Post.hlsli">
      <Filter>Shaders</Filter>
    </None>
    <None Include="Shaders\Dotcross.hlsli">
      <Filter>Shaders</Filter>
    </None>
    <None Include="Shaders\Linetext.hlsli">
      <Filter>Shaders</Filter>
    </None>
    <None Include="Shaders\Billboard.hlsli">
      <Filter>Shaders</Filter>
    </None>
    <None Include="Shaders\Object.hlsli">
      <Filter>Shaders</Filter>
    </None>
    <None Include="Shaders\lights_basic.hlsi">
      <Filter>Shaders</Filter>
    </None>
    <None Include="Shaders\lights.hlsi">
      <Filter>Shaders</Filter>
    </None>
  </ItemGroup>
</Project>